
Microsoft Visual Studio Solution File, Format Version 12.00
# Visual Studio Version 17
VisualStudioVersion = 17.10.35004.147
MinimumVisualStudioVersion = 10.0.40219.1
Project("{9A19103F-16F7-4668-BE54-9A1E7A4F7556}") = "TaxCalculator.Domain", "TaxCalculator.Domain\TaxCalculator.Domain.csproj", "{0E7A5122-278F-47B7-81B9-07E7FD98C3AD}"
EndProject
Project("{9A19103F-16F7-4668-BE54-9A1E7A4F7556}") = "TaxCalculator.Application", "TaxCalculator.Application\TaxCalculator.Application.csproj", "{76BA23A3-C74B-4F9F-B516-5087BFF854F5}"
EndProject
Project("{9A19103F-16F7-4668-BE54-9A1E7A4F7556}") = "TaxCalculator.Persistance", "TaxCalculator.Persistance\TaxCalculator.Persistance.csproj", "{06688FAC-8F87-4956-90E6-02F14EDB6EDE}"
EndProject
Project("{9A19103F-16F7-4668-BE54-9A1E7A4F7556}") = "TaxCalculator.Presentation.Api", "TaxCalculator.Presentation.Api\TaxCalculator.Presentation.Api.csproj", "{0DA975B0-C4E0-405D-A07D-40BBC9B475F6}"
EndProject
Project("{FAE04EC0-301F-11D3-BF4B-00C04F79EFBC}") = "IntegrationTest", "IntegrationTest\IntegrationTest.csproj", "{46C20E03-F1C7-4EEB-A994-4FC1E68DF225}"
EndProject
Global
	GlobalSection(SolutionConfigurationPlatforms) = preSolution
		Debug|Any CPU = Debug|Any CPU
		Release|Any CPU = Release|Any CPU
	EndGlobalSection
	GlobalSection(ProjectConfigurationPlatforms) = postSolution
		{0E7A5122-278F-47B7-81B9-07E7FD98C3AD}.Debug|Any CPU.ActiveCfg = Debug|Any CPU
		{0E7A5122-278F-47B7-81B9-07E7FD98C3AD}.Debug|Any CPU.Build.0 = Debug|Any CPU
		{0E7A5122-278F-47B7-81B9-07E7FD98C3AD}.Release|Any CPU.ActiveCfg = Release|Any CPU
		{0E7A5122-278F-47B7-81B9-07E7FD98C3AD}.Release|Any CPU.Build.0 = Release|Any CPU
		{76BA23A3-C74B-4F9F-B516-5087BFF854F5}.Debug|Any CPU.ActiveCfg = Debug|Any CPU
		{76BA23A3-C74B-4F9F-B516-5087BFF854F5}.Debug|Any CPU.Build.0 = Debug|Any CPU
		{76BA23A3-C74B-4F9F-B516-5087BFF854F5}.Release|Any CPU.ActiveCfg = Release|Any CPU
		{76BA23A3-C74B-4F9F-B516-5087BFF854F5}.Release|Any CPU.Build.0 = Release|Any CPU
		{06688FAC-8F87-4956-90E6-02F14EDB6EDE}.Debug|Any CPU.ActiveCfg = Debug|Any CPU
		{06688FAC-8F87-4956-90E6-02F14EDB6EDE}.Debug|Any CPU.Build.0 = Debug|Any CPU
		{06688FAC-8F87-4956-90E6-02F14EDB6EDE}.Release|Any CPU.ActiveCfg = Release|Any CPU
		{06688FAC-8F87-4956-90E6-02F14EDB6EDE}.Release|Any CPU.Build.0 = Release|Any CPU
		{0DA975B0-C4E0-405D-A07D-40BBC9B475F6}.Debug|Any CPU.ActiveCfg = Debug|Any CPU
		{0DA975B0-C4E0-405D-A07D-40BBC9B475F6}.Debug|Any CPU.Build.0 = Debug|Any CPU
		{0DA975B0-C4E0-405D-A07D-40BBC9B475F6}.Release|Any CPU.ActiveCfg = Release|Any CPU
		{0DA975B0-C4E0-405D-A07D-40BBC9B475F6}.Release|Any CPU.Build.0 = Release|Any CPU
		{46C20E03-F1C7-4EEB-A994-4FC1E68DF225}.Debug|Any CPU.ActiveCfg = Debug|Any CPU
		{46C20E03-F1C7-4EEB-A994-4FC1E68DF225}.Debug|Any CPU.Build.0 = Debug|Any CPU
		{46C20E03-F1C7-4EEB-A994-4FC1E68DF225}.Release|Any CPU.ActiveCfg = Release|Any CPU
		{46C20E03-F1C7-4EEB-A994-4FC1E68DF225}.Release|Any CPU.Build.0 = Release|Any CPU
	EndGlobalSection
	GlobalSection(SolutionProperties) = preSolution
		HideSolutionNode = FALSE
	EndGlobalSection
	GlobalSection(ExtensibilityGlobals) = postSolution
		SolutionGuid = {31F38C57-594D-4005-97A3-320086EBBCE6}
	EndGlobalSection
EndGlobal
